
Microsoft Visual Studio Solution File, Format Version 12.00
# Visual Studio Version 17
VisualStudioVersion = 17.9.34714.143
MinimumVisualStudioVersion = 10.0.40219.1
Project("{FAE04EC0-301F-11D3-BF4B-00C04F79EFBC}") = "MyFirstApp", "MyFirstApp\MyFirstApp.csproj", "{12A4D2C9-387B-46D6-A34F-355E77DF6549}"
EndProject
Global
	GlobalSection(SolutionConfigurationPlatforms) = preSolution
		Debug|Any CPU = Debug|Any CPU
		Release|Any CPU = Release|Any CPU
	EndGlobalSection
	GlobalSection(ProjectConfigurationPlatforms) = postSolution
		{12A4D2C9-387B-46D6-A34F-355E77DF6549}.Debug|Any CPU.ActiveCfg = Debug|Any CPU
		{12A4D2C9-387B-46D6-A34F-355E77DF6549}.Debug|Any CPU.Build.0 = Debug|Any CPU
		{12A4D2C9-387B-46D6-A34F-355E77DF6549}.Release|Any CPU.ActiveCfg = Release|Any CPU
		{12A4D2C9-387B-46D6-A34F-355E77DF6549}.Release|Any CPU.Build.0 = Release|Any CPU
	EndGlobalSection
	GlobalSection(SolutionProperties) = preSolution
		HideSolutionNode = FALSE
	EndGlobalSection
	GlobalSection(ExtensibilityGlobals) = postSolution
		SolutionGuid = {F661B959-B1FE-4AE3-A06D-5CCC015FC267}
	EndGlobalSection
EndGlobal
